
Microsoft Visual Studio Solution File, Format Version 12.00
# Visual Studio 15
VisualStudioVersion = 15.0.26730.3
MinimumVisualStudioVersion = 10.0.40219.1
Project("{FAE04EC0-301F-11D3-BF4B-00C04F79EFBC}") = "MovieHistory", "MovieHistory\MovieHistory.csproj", "{DC7398B7-8809-417A-A618-94A0F1DD6D76}"
EndProject
Global
	GlobalSection(SolutionConfigurationPlatforms) = preSolution
		Debug|Any CPU = Debug|Any CPU
		Release|Any CPU = Release|Any CPU
	EndGlobalSection
	GlobalSection(ProjectConfigurationPlatforms) = postSolution
		{DC7398B7-8809-417A-A618-94A0F1DD6D76}.Debug|Any CPU.ActiveCfg = Debug|Any CPU
		{DC7398B7-8809-417A-A618-94A0F1DD6D76}.Debug|Any CPU.Build.0 = Debug|Any CPU
		{DC7398B7-8809-417A-A618-94A0F1DD6D76}.Release|Any CPU.ActiveCfg = Release|Any CPU
		{DC7398B7-8809-417A-A618-94A0F1DD6D76}.Release|Any CPU.Build.0 = Release|Any CPU
	EndGlobalSection
	GlobalSection(SolutionProperties) = preSolution
		HideSolutionNode = FALSE
	EndGlobalSection
	GlobalSection(ExtensibilityGlobals) = postSolution
		SolutionGuid = {35DCE4E6-508E-4E56-83C6-E448309A4B5E}
	EndGlobalSection
EndGlobal
